
Microsoft Visual Studio Solution File, Format Version 12.00
# Visual Studio Version 17
VisualStudioVersion = 17.8.34330.188
MinimumVisualStudioVersion = 10.0.40219.1
Project("{8BC9CEB8-8B4A-11D0-8D11-00A0C91BC942}") = "MatrixAdjacencia", "MatrixAdjacencia.vcxproj", "{CC01E516-59BE-4896-8199-88F14E99CB04}"
EndProject
Project("{8BC9CEB8-8B4A-11D0-8D11-00A0C91BC942}") = "MatrizPonderado", "..\MatrixPonderado\MatrixPonderado.vcxproj", "{73A2E1E9-4C13-42E7-A4DD-5189ED1DC66E}"
EndProject
Global
	GlobalSection(SolutionConfigurationPlatforms) = preSolution
		Debug|x64 = Debug|x64
		Debug|x86 = Debug|x86
		Release|x64 = Release|x64
		Release|x86 = Release|x86
	EndGlobalSection
	GlobalSection(ProjectConfigurationPlatforms) = postSolution
		{CC01E516-59BE-4896-8199-88F14E99CB04}.Debug|x64.ActiveCfg = Debug|x64
		{CC01E516-59BE-4896-8199-88F14E99CB04}.Debug|x64.Build.0 = Debug|x64
		{CC01E516-59BE-4896-8199-88F14E99CB04}.Debug|x86.ActiveCfg = Debug|Win32
		{CC01E516-59BE-4896-8199-88F14E99CB04}.Debug|x86.Build.0 = Debug|Win32
		{CC01E516-59BE-4896-8199-88F14E99CB04}.Release|x64.ActiveCfg = Release|x64
		{CC01E516-59BE-4896-8199-88F14E99CB04}.Release|x64.Build.0 = Release|x64
		{CC01E516-59BE-4896-8199-88F14E99CB04}.Release|x86.ActiveCfg = Release|Win32
		{CC01E516-59BE-4896-8199-88F14E99CB04}.Release|x86.Build.0 = Release|Win32
		{73A2E1E9-4C13-42E7-A4DD-5189ED1DC66E}.Debug|x64.ActiveCfg = Debug|x64
		{73A2E1E9-4C13-42E7-A4DD-5189ED1DC66E}.Debug|x64.Build.0 = Debug|x64
		{73A2E1E9-4C13-42E7-A4DD-5189ED1DC66E}.Debug|x86.ActiveCfg = Debug|Win32
		{73A2E1E9-4C13-42E7-A4DD-5189ED1DC66E}.Debug|x86.Build.0 = Debug|Win32
		{73A2E1E9-4C13-42E7-A4DD-5189ED1DC66E}.Release|x64.ActiveCfg = Release|x64
		{73A2E1E9-4C13-42E7-A4DD-5189ED1DC66E}.Release|x64.Build.0 = Release|x64
		{73A2E1E9-4C13-42E7-A4DD-5189ED1DC66E}.Release|x86.ActiveCfg = Release|Win32
		{73A2E1E9-4C13-42E7-A4DD-5189ED1DC66E}.Release|x86.Build.0 = Release|Win32
	EndGlobalSection
	GlobalSection(SolutionProperties) = preSolution
		HideSolutionNode = FALSE
	EndGlobalSection
	GlobalSection(ExtensibilityGlobals) = postSolution
		SolutionGuid = {34F385A4-B2B8-4C8C-9500-12B40FE07C46}
	EndGlobalSection
EndGlobal
